<?xml version="1.0" encoding="utf-8"?>
<Project ToolsVersion="4.0" xmlns="http://schemas.microsoft.com/developer/msbuild/2003">
  <ItemGroup>
    <Filter Include="Source Files">
      <UniqueIdentifier>{4FC737F1-C7A5-4376-A066-2A32D752A2FF}</UniqueIdentifier>
      <Extensions>cpp;c;cc;cxx;def;odl;idl;hpj;bat;asm;asmx</Extensions>
    </Filter>
    <Filter Include="Source Files\include">
      <UniqueIdentifier>{c06fd7a1-cf8f-438b-a526-f2e9ae647251}</UniqueIdentifier>
    </Filter>
    <Filter Include="Source Files\src">
      <UniqueIdentifier>{11f9a68e-02f1-4169-8ddf-ecc9b738d301}</UniqueIdentifier>
    </Filter>
  </ItemGroup>
  <ItemGroup>
    <ClInclude Include="..\include\App.h">
      <Filter>Source Files\include</Filter>
    </ClInclude>
    <ClInclude Include="..\include\AppState.h">
      <Filter>Source Files\include</Filter>
    </ClInclude>
    <ClInclude Include="..\include\GameObject.h">
      <Filter>Source Files\include</Filter>
    </ClInclude>
    <ClInclude Include="..\include\pch.h">
      <Filter>Source Files\include</Filter>
    </ClInclude>
    <ClInclude Include="..\include\Player.h">
      <Filter>Source Files\include</Filter>
    </ClInclude>
    <ClInclude Include="..\include\Prerequisites.h">
      <Filter>Source Files\include</Filter>
    </ClInclude>
    <ClInclude Include="..\include\Unit.h">
      <Filter>Source Files\include</Filter>
    </ClInclude>
    <ClInclude Include="..\include\UnitType.h">
      <Filter>Source Files\include</Filter>
    </ClInclude>
    <ClInclude Include="..\include\Window.h">
      <Filter>Source Files\include</Filter>
    </ClInclude>
    <ClInclude Include="..\include\World.h">
      <Filter>Source Files\include</Filter>
    </ClInclude>
    <ClInclude Include="..\include\Item.h">
      <Filter>Source Files\include</Filter>
    </ClInclude>
    <ClInclude Include="..\include\ItemType.h">
      <Filter>Source Files\include</Filter>
    </ClInclude>
    <ClInclude Include="..\include\MyButton.h">
      <Filter>Source Files\include</Filter>
    </ClInclude>
    <ClInclude Include="..\include\DamageType.h">
      <Filter>Source Files\include</Filter>
    </ClInclude>
    <ClInclude Include="..\include\Weapon.h">
      <Filter>Source Files\include</Filter>
    </ClInclude>
    <ClInclude Include="..\include\EnemyType.h">
      <Filter>Source Files\include</Filter>
    </ClInclude>
    <ClInclude Include="Hash.h">
      <Filter>Source Files\include</Filter>
    </ClInclude>
    <ClInclude Include="..\include\Animation.h">
      <Filter>Source Files\include</Filter>
    </ClInclude>
    <ClInclude Include="..\include\AnimRect.h">
      <Filter>Source Files\include</Filter>
    </ClInclude>
  </ItemGroup>
  <ItemGroup>
    <ClCompile Include="..\src\AI2_DungeonCrawler.cpp">
      <Filter>Source Files\src</Filter>
    </ClCompile>
    <ClCompile Include="..\src\App.cpp">
      <Filter>Source Files\src</Filter>
    </ClCompile>
    <ClCompile Include="..\src\AppState.cpp">
      <Filter>Source Files\src</Filter>
    </ClCompile>
    <ClCompile Include="..\src\GameObject.cpp">
      <Filter>Source Files\src</Filter>
    </ClCompile>
    <ClCompile Include="..\src\pch.cpp">
      <Filter>Source Files\src</Filter>
    </ClCompile>
    <ClCompile Include="..\src\Player.cpp">
      <Filter>Source Files\src</Filter>
    </ClCompile>
    <ClCompile Include="..\src\Unit.cpp">
      <Filter>Source Files\src</Filter>
    </ClCompile>
    <ClCompile Include="..\src\UnitType.cpp">
      <Filter>Source Files\src</Filter>
    </ClCompile>
    <ClCompile Include="..\src\Window.cpp">
      <Filter>Source Files\src</Filter>
    </ClCompile>
    <ClCompile Include="..\src\World.cpp">
      <Filter>Source Files\src</Filter>
    </ClCompile>
    <ClCompile Include="..\src\Item.cpp">
      <Filter>Source Files\src</Filter>
    </ClCompile>
    <ClCompile Include="..\src\ItemType.cpp">
      <Filter>Source Files\src</Filter>
    </ClCompile>
    <ClCompile Include="..\src\MyButton.cpp">
      <Filter>Source Files\src</Filter>
    </ClCompile>
    <ClCompile Include="..\src\DamageType.cpp">
      <Filter>Source Files\src</Filter>
    </ClCompile>
    <ClCompile Include="..\src\Weapon.cpp">
      <Filter>Source Files\src</Filter>
    </ClCompile>
    <ClCompile Include="..\src\EnemyType.cpp">
      <Filter>Source Files\src</Filter>
    </ClCompile>
    <ClCompile Include="Resource.cpp">
      <Filter>Source Files\src</Filter>
    </ClCompile>
  </ItemGroup>
</Project>